
Microsoft Visual Studio Solution File, Format Version 12.00
# Visual Studio Version 16
VisualStudioVersion = 16.0.31624.102
MinimumVisualStudioVersion = 10.0.40219.1
Project("{FAE04EC0-301F-11D3-BF4B-00C04F79EFBC}") = "SidebarInventory", "SidebarInventory\SidebarInventory.csproj", "{A1E64FC0-136E-48F6-8552-37AB898E51E9}"
EndProject
Global
	GlobalSection(SolutionConfigurationPlatforms) = preSolution
		Debug|Any CPU = Debug|Any CPU
		Release|Any CPU = Release|Any CPU
	EndGlobalSection
	GlobalSection(ProjectConfigurationPlatforms) = postSolution
		{A1E64FC0-136E-48F6-8552-37AB898E51E9}.Debug|Any CPU.ActiveCfg = Debug|Any CPU
		{A1E64FC0-136E-48F6-8552-37AB898E51E9}.Debug|Any CPU.Build.0 = Debug|Any CPU
		{A1E64FC0-136E-48F6-8552-37AB898E51E9}.Release|Any CPU.ActiveCfg = Release|Any CPU
		{A1E64FC0-136E-48F6-8552-37AB898E51E9}.Release|Any CPU.Build.0 = Release|Any CPU
	EndGlobalSection
	GlobalSection(SolutionProperties) = preSolution
		HideSolutionNode = FALSE
	EndGlobalSection
	GlobalSection(ExtensibilityGlobals) = postSolution
		SolutionGuid = {D8504E2F-400B-44CE-9E7D-7EDB6A2FB835}
	EndGlobalSection
EndGlobal
